{"1.2.0",
[{<<"cowlib">>,{pkg,<<"cowlib">>,<<"2.20.0">>},0},
 {<<"euneus">>,{pkg,<<"euneus">>,<<"2.4.0">>},1},
 {<<"json_polyfill">>,{pkg,<<"json_polyfill">>,<<"0.1.4">>},1},
 {<<"jsxrecord">>,{pkg,<<"jsxrecord">>,<<"2.3.0">>},0},
 {<<"qdate_localtime">>,{pkg,<<"qdate_localtime">>,<<"1.2.2">>},0},
 {<<"ssl_verify_fun">>,{pkg,<<"ssl_verify_fun">>,<<"1.1.7">>},1},
 {<<"tls_certificate_check">>,
  {pkg,<<"tls_certificate_check">>,<<"1.35.0">>},
  0}]}.
[
{pkg_hash,[
 {<<"cowlib">>, <<"BB525377BA634CD6D68BAC7BFF5D98571F738806139D335DACA827717C5DC172">>},
 {<<"euneus">>, <<"E58178FB3B2C6FE139C863C4B347574E4C599BF1B9530ED3BAE7A10E2C7F870A">>},
 {<<"json_polyfill">>, <<"ED9AD7A8CBDB8D1F1E59E22CDAE23A153A5BB93B5529AEBAEB189CA4B4C536C8">>},
 {<<"jsxrecord">>, <<"D89C634E3C16B0B32F53D9B712CD5F0B636208698C835B587A272090A9CF7580">>},
 {<<"qdate_localtime">>, <<"43E1B20102F50A8B2A2BE7042C2F6BE989AD96CA2CC319DB5DF56E122E8873F6">>},
 {<<"ssl_verify_fun">>, <<"354C321CF377240C7B8716899E182CE4890C5938111A1296ADD3EC74CF1715DF">>},
 {<<"tls_certificate_check">>, <<"6237B9CB9632B1F52F00EF852CD04D4AF70319C308D4F65BE1E45DA637578867">>}]},
{pkg_hash_ext,[
 {<<"cowlib">>, <<"7D41A0DD2C093041FF3779AC5FE8A1585A68EC7CB2DD1DE0536BDD2452FD7BA1">>},
 {<<"euneus">>, <<"200EEFCE320314831AD79D77F03B109BC035E0A282B6B71FBCD3A7982804184D">>},
 {<<"json_polyfill">>, <<"48C397EE2547FA459EDE01A30EC0E85717ABED3010867A63EEAAC5F203274303">>},
 {<<"jsxrecord">>, <<"914E9D4027AEA5E9710AA23D17500A18115FBE988255E48E3D82FB4B43C2F8DB">>},
 {<<"qdate_localtime">>, <<"A38D5F1C5AE14B22F471E442B262AECCAFB915B664C7C364443DC73179C50FDA">>},
 {<<"ssl_verify_fun">>, <<"FE4C190E8F37401D30167C8C405EDA19469F34577987C76DDE613E838BBC67F8">>},
 {<<"tls_certificate_check">>, <<"36FD91D635761DAFFA12E75B0C784B24510A69AD53348B8276A553D2D665B579">>}]}
].
